
Microsoft Visual Studio Solution File, Format Version 12.00
# Visual Studio Version 17
VisualStudioVersion = 17.8.34330.188
MinimumVisualStudioVersion = 10.0.40219.1
Project("{FAE04EC0-301F-11D3-BF4B-00C04F79EFBC}") = "microsoftLearnExercise17", "microsoftLearnExercise17\microsoftLearnExercise17.csproj", "{D51441F6-3852-4BB8-B712-3DF839ABA133}"
EndProject
Global
	GlobalSection(SolutionConfigurationPlatforms) = preSolution
		Debug|Any CPU = Debug|Any CPU
		Release|Any CPU = Release|Any CPU
	EndGlobalSection
	GlobalSection(ProjectConfigurationPlatforms) = postSolution
		{D51441F6-3852-4BB8-B712-3DF839ABA133}.Debug|Any CPU.ActiveCfg = Debug|Any CPU
		{D51441F6-3852-4BB8-B712-3DF839ABA133}.Debug|Any CPU.Build.0 = Debug|Any CPU
		{D51441F6-3852-4BB8-B712-3DF839ABA133}.Release|Any CPU.ActiveCfg = Release|Any CPU
		{D51441F6-3852-4BB8-B712-3DF839ABA133}.Release|Any CPU.Build.0 = Release|Any CPU
	EndGlobalSection
	GlobalSection(SolutionProperties) = preSolution
		HideSolutionNode = FALSE
	EndGlobalSection
	GlobalSection(ExtensibilityGlobals) = postSolution
		SolutionGuid = {7AB931AE-0332-40DC-9CAC-D479F0D480BC}
	EndGlobalSection
EndGlobal
